// !$*UTF8*$!
{
	archiveVersion = 1;
	classes = {
	};
	objectVersion = 55;
	objects = {

/* Begin PBXBuildFile section */
		E74B3A2128BBCFC800596C6F /* TimerDone.mp3 in Resources */ = {isa = PBXBuildFile; fileRef = E74B3A2028BBCFC800596C6F /* TimerDone.mp3 */; };
		E7776D9528B7F085005CF345 /* Pacifico-Regular.ttf in Resources */ = {isa = PBXBuildFile; fileRef = E7776D9328B7F085005CF345 /* Pacifico-Regular.ttf */; };
		E7776D9628B7F085005CF345 /* RobotoSlab-VariableFont_wght.ttf in Resources */ = {isa = PBXBuildFile; fileRef = E7776D9428B7F085005CF345 /* RobotoSlab-VariableFont_wght.ttf */; };
		E77EBD56289EB64500FCA76B /* PomodoroSwiftUIApp.swift in Sources */ = {isa = PBXBuildFile; fileRef = E77EBD55289EB64500FCA76B /* PomodoroSwiftUIApp.swift */; };
		E77EBD58289EB64500FCA76B /* ContentView.swift in Sources */ = {isa = PBXBuildFile; fileRef = E77EBD57289EB64500FCA76B /* ContentView.swift */; };
		E77EBD5A289EB64700FCA76B /* Assets.xcassets in Resources */ = {isa = PBXBuildFile; fileRef = E77EBD59289EB64700FCA76B /* Assets.xcassets */; };
		E77EBD5D289EB64700FCA76B /* Preview Assets.xcassets in Resources */ = {isa = PBXBuildFile; fileRef = E77EBD5C289EB64700FCA76B /* Preview Assets.xcassets */; };
		E7985D9128A005C700446F74 /* BreakTimer.swift in Sources */ = {isa = PBXBuildFile; fileRef = E7985D9028A005C600446F74 /* BreakTimer.swift */; };
		E7985D9328A0114600446F74 /* SupportTheDeveloper.swift in Sources */ = {isa = PBXBuildFile; fileRef = E7985D9228A0114600446F74 /* SupportTheDeveloper.swift */; };
		E7985D9D28A0484E00446F74 /* InfoView.swift in Sources */ = {isa = PBXBuildFile; fileRef = E7985D9C28A0484E00446F74 /* InfoView.swift */; };
		E7A4E97028B7B9AF00AF5D0E /* BackgroundColor.png in Resources */ = {isa = PBXBuildFile; fileRef = E7A4E96F28B7B9AF00AF5D0E /* BackgroundColor.png */; };
		E7CF53B928A2CCF000E79000 /* Focus Pocus.png in Resources */ = {isa = PBXBuildFile; fileRef = E7CF53B828A2CCF000E79000 /* Focus Pocus.png */; };
		E7CF53BD28A2D05800E79000 /* MainView.swift in Sources */ = {isa = PBXBuildFile; fileRef = E7CF53BC28A2D05800E79000 /* MainView.swift */; };
		E7D70150289ED8A900B216BB /* FocusTimerView.swift in Sources */ = {isa = PBXBuildFile; fileRef = E7D7014F289ED8A900B216BB /* FocusTimerView.swift */; };
/* End PBXBuildFile section */

/* Begin PBXFileReference section */
		E74B3A2028BBCFC800596C6F /* TimerDone.mp3 */ = {isa = PBXFileReference; lastKnownFileType = audio.mp3; path = TimerDone.mp3; sourceTree = "<group>"; };
		E7776D9328B7F085005CF345 /* Pacifico-Regular.ttf */ = {isa = PBXFileReference; lastKnownFileType = file; path = "Pacifico-Regular.ttf"; sourceTree = "<group>"; };
		E7776D9428B7F085005CF345 /* RobotoSlab-VariableFont_wght.ttf */ = {isa = PBXFileReference; lastKnownFileType = file; path = "RobotoSlab-VariableFont_wght.ttf"; sourceTree = "<group>"; };
		E77EBD52289EB64500FCA76B /* PomodoroSwiftUI.app */ = {isa = PBXFileReference; explicitFileType = wrapper.application; includeInIndex = 0; path = PomodoroSwiftUI.app; sourceTree = BUILT_PRODUCTS_DIR; };
		E77EBD55289EB64500FCA76B /* PomodoroSwiftUIApp.swift */ = {isa = PBXFileReference; lastKnownFileType = sourcecode.swift; path = PomodoroSwiftUIApp.swift; sourceTree = "<group>"; };
		E77EBD57289EB64500FCA76B /* ContentView.swift */ = {isa = PBXFileReference; lastKnownFileType = sourcecode.swift; path = ContentView.swift; sourceTree = "<group>"; };
		E77EBD59289EB64700FCA76B /* Assets.xcassets */ = {isa = PBXFileReference; lastKnownFileType = folder.assetcatalog; path = Assets.xcassets; sourceTree = "<group>"; };
		E77EBD5C289EB64700FCA76B /* Preview Assets.xcassets */ = {isa = PBXFileReference; lastKnownFileType = folder.assetcatalog; path = "Preview Assets.xcassets"; sourceTree = "<group>"; };
		E7985D9028A005C600446F74 /* BreakTimer.swift */ = {isa = PBXFileReference; lastKnownFileType = sourcecode.swift; path = BreakTimer.swift; sourceTree = "<group>"; };
		E7985D9228A0114600446F74 /* SupportTheDeveloper.swift */ = {isa = PBXFileReference; lastKnownFileType = sourcecode.swift; path = SupportTheDeveloper.swift; sourceTree = "<group>"; };
		E7985D9C28A0484E00446F74 /* InfoView.swift */ = {isa = PBXFileReference; lastKnownFileType = sourcecode.swift; path = InfoView.swift; sourceTree = "<group>"; };
		E7A4E96E28B7B40B00AF5D0E /* Info.plist */ = {isa = PBXFileReference; lastKnownFileType = text.plist; path = Info.plist; sourceTree = "<group>"; };
		E7A4E96F28B7B9AF00AF5D0E /* BackgroundColor.png */ = {isa = PBXFileReference; lastKnownFileType = image.png; path = BackgroundColor.png; sourceTree = "<group>"; };
		E7CF53B828A2CCF000E79000 /* Focus Pocus.png */ = {isa = PBXFileReference; lastKnownFileType = image.png; path = "Focus Pocus.png"; sourceTree = "<group>"; };
		E7CF53BC28A2D05800E79000 /* MainView.swift */ = {isa = PBXFileReference; lastKnownFileType = sourcecode.swift; path = MainView.swift; sourceTree = "<group>"; };
		E7D7014F289ED8A900B216BB /* FocusTimerView.swift */ = {isa = PBXFileReference; lastKnownFileType = sourcecode.swift; path = FocusTimerView.swift; sourceTree = "<group>"; };
/* End PBXFileReference section */

/* Begin PBXFrameworksBuildPhase section */
		E77EBD4F289EB64500FCA76B /* Frameworks */ = {
			isa = PBXFrameworksBuildPhase;
			buildActionMask = 2147483647;
			files = (
			);
			runOnlyForDeploymentPostprocessing = 0;
		};
/* End PBXFrameworksBuildPhase section */

/* Begin PBXGroup section */
		E7776D9028B7EB86005CF345 /* Fonts */ = {
			isa = PBXGroup;
			children = (
				E7776D9328B7F085005CF345 /* Pacifico-Regular.ttf */,
				E7776D9428B7F085005CF345 /* RobotoSlab-VariableFont_wght.ttf */,
			);
			path = Fonts;
			sourceTree = "<group>";
		};
		E77EBD49289EB64500FCA76B = {
			isa = PBXGroup;
			children = (
				E77EBD54289EB64500FCA76B /* PomodoroSwiftUI */,
				E77EBD53289EB64500FCA76B /* Products */,
			);
			sourceTree = "<group>";
		};
		E77EBD53289EB64500FCA76B /* Products */ = {
			isa = PBXGroup;
			children = (
				E77EBD52289EB64500FCA76B /* PomodoroSwiftUI.app */,
			);
			name = Products;
			sourceTree = "<group>";
		};
		E77EBD54289EB64500FCA76B /* PomodoroSwiftUI */ = {
			isa = PBXGroup;
			children = (
				E7A4E96E28B7B40B00AF5D0E /* Info.plist */,
				E77EBD55289EB64500FCA76B /* PomodoroSwiftUIApp.swift */,
				E77EBD57289EB64500FCA76B /* ContentView.swift */,
				E7CF53BE28A2D0CA00E79000 /* Focus and Break */,
				E7CF53BB28A2D01D00E79000 /* Support */,
				E7776D9028B7EB86005CF345 /* Fonts */,
				E77EBD59289EB64700FCA76B /* Assets.xcassets */,
				E7CF53B828A2CCF000E79000 /* Focus Pocus.png */,
				E7A4E96F28B7B9AF00AF5D0E /* BackgroundColor.png */,
				E74B3A2028BBCFC800596C6F /* TimerDone.mp3 */,
				E77EBD5B289EB64700FCA76B /* Preview Content */,
			);
			path = PomodoroSwiftUI;
			sourceTree = "<group>";
		};
		E77EBD5B289EB64700FCA76B /* Preview Content */ = {
			isa = PBXGroup;
			children = (
				E77EBD5C289EB64700FCA76B /* Preview Assets.xcassets */,
			);
			path = "Preview Content";
			sourceTree = "<group>";
		};
		E7CF53BB28A2D01D00E79000 /* Support */ = {
			isa = PBXGroup;
			children = (
				E7985D9228A0114600446F74 /* SupportTheDeveloper.swift */,
				E7985D9C28A0484E00446F74 /* InfoView.swift */,
			);
			path = Support;
			sourceTree = "<group>";
		};
		E7CF53BE28A2D0CA00E79000 /* Focus and Break */ = {
			isa = PBXGroup;
			children = (
				E7D7014F289ED8A900B216BB /* FocusTimerView.swift */,
				E7985D9028A005C600446F74 /* BreakTimer.swift */,
				E7CF53BC28A2D05800E79000 /* MainView.swift */,
			);
			path = "Focus and Break";
			sourceTree = "<group>";
		};
/* End PBXGroup section */

/* Begin PBXNativeTarget section */
		E77EBD51289EB64500FCA76B /* PomodoroSwiftUI */ = {
			isa = PBXNativeTarget;
			buildConfigurationList = E77EBD60289EB64700FCA76B /* Build configuration list for PBXNativeTarget "PomodoroSwiftUI" */;
			buildPhases = (
				E77EBD4E289EB64500FCA76B /* Sources */,
				E77EBD4F289EB64500FCA76B /* Frameworks */,
				E77EBD50289EB64500FCA76B /* Resources */,
			);
			buildRules = (
			);
			dependencies = (
			);
			name = PomodoroSwiftUI;
			productName = PomodoroSwiftUI;
			productReference = E77EBD52289EB64500FCA76B /* PomodoroSwiftUI.app */;
			productType = "com.apple.product-type.application";
		};
/* End PBXNativeTarget section */

/* Begin PBXProject section */
		E77EBD4A289EB64500FCA76B /* Project object */ = {
			isa = PBXProject;
			attributes = {
				BuildIndependentTargetsInParallel = 1;
				LastSwiftUpdateCheck = 1320;
				LastUpgradeCheck = 1320;
				TargetAttributes = {
					E77EBD51289EB64500FCA76B = {
						CreatedOnToolsVersion = 13.2.1;
					};
				};
			};
			buildConfigurationList = E77EBD4D289EB64500FCA76B /* Build configuration list for PBXProject "PomodoroSwiftUI" */;
			compatibilityVersion = "Xcode 13.0";
			developmentRegion = en;
			hasScannedForEncodings = 0;
			knownRegions = (
				en,
				Base,
			);
			mainGroup = E77EBD49289EB64500FCA76B;
			productRefGroup = E77EBD53289EB64500FCA76B /* Products */;
			projectDirPath = "";
			projectRoot = "";
			targets = (
				E77EBD51289EB64500FCA76B /* PomodoroSwiftUI */,
			);
		};
/* End PBXProject section */

/* Begin PBXResourcesBuildPhase section */
		E77EBD50289EB64500FCA76B /* Resources */ = {
			isa = PBXResourcesBuildPhase;
			buildActionMask = 2147483647;
			files = (
				E7CF53B928A2CCF000E79000 /* Focus Pocus.png in Resources */,
				E7A4E97028B7B9AF00AF5D0E /* BackgroundColor.png in Resources */,
				E77EBD5D289EB64700FCA76B /* Preview Assets.xcassets in Resources */,
				E77EBD5A289EB64700FCA76B /* Assets.xcassets in Resources */,
				E7776D9628B7F085005CF345 /* RobotoSlab-VariableFont_wght.ttf in Resources */,
				E74B3A2128BBCFC800596C6F /* TimerDone.mp3 in Resources */,
				E7776D9528B7F085005CF345 /* Pacifico-Regular.ttf in Resources */,
			);
			runOnlyForDeploymentPostprocessing = 0;
		};
/* End PBXResourcesBuildPhase section */

/* Begin PBXSourcesBuildPhase section */
		E77EBD4E289EB64500FCA76B /* Sources */ = {
			isa = PBXSourcesBuildPhase;
			buildActionMask = 2147483647;
			files = (
				E77EBD58289EB64500FCA76B /* ContentView.swift in Sources */,
				E7CF53BD28A2D05800E79000 /* MainView.swift in Sources */,
				E7985D9128A005C700446F74 /* BreakTimer.swift in Sources */,
				E7985D9328A0114600446F74 /* SupportTheDeveloper.swift in Sources */,
				E7D70150289ED8A900B216BB /* FocusTimerView.swift in Sources */,
				E7985D9D28A0484E00446F74 /* InfoView.swift in Sources */,
				E77EBD56289EB64500FCA76B /* PomodoroSwiftUIApp.swift in Sources */,
			);
			runOnlyForDeploymentPostprocessing = 0;
		};
/* End PBXSourcesBuildPhase section */

/* Begin XCBuildConfiguration section */
		E77EBD5E289EB64700FCA76B /* Debug */ = {
			isa = XCBuildConfiguration;
			buildSettings = {
				ALWAYS_SEARCH_USER_PATHS = NO;
				CLANG_ANALYZER_NONNULL = YES;
				CLANG_ANALYZER_NUMBER_OBJECT_CONVERSION = YES_AGGRESSIVE;
				CLANG_CXX_LANGUAGE_STANDARD = "gnu++17";
				CLANG_CXX_LIBRARY = "libc++";
				CLANG_ENABLE_MODULES = YES;
				CLANG_ENABLE_OBJC_ARC = YES;
				CLANG_ENABLE_OBJC_WEAK = YES;
				CLANG_WARN_BLOCK_CAPTURE_AUTORELEASING = YES;
				CLANG_WARN_BOOL_CONVERSION = YES;
				CLANG_WARN_COMMA = YES;
				CLANG_WARN_CONSTANT_CONVERSION = YES;
				CLANG_WARN_DEPRECATED_OBJC_IMPLEMENTATIONS = YES;
				CLANG_WARN_DIRECT_OBJC_ISA_USAGE = YES_ERROR;
				CLANG_WARN_DOCUMENTATION_COMMENTS = YES;
				CLANG_WARN_EMPTY_BODY = YES;
				CLANG_WARN_ENUM_CONVERSION = YES;
				CLANG_WARN_INFINITE_RECURSION = YES;
				CLANG_WARN_INT_CONVERSION = YES;
				CLANG_WARN_NON_LITERAL_NULL_CONVERSION = YES;
				CLANG_WARN_OBJC_IMPLICIT_RETAIN_SELF = YES;
				CLANG_WARN_OBJC_LITERAL_CONVERSION = YES;
				CLANG_WARN_OBJC_ROOT_CLASS = YES_ERROR;
				CLANG_WARN_QUOTED_INCLUDE_IN_FRAMEWORK_HEADER = YES;
				CLANG_WARN_RANGE_LOOP_ANALYSIS = YES;
				CLANG_WARN_STRICT_PROTOTYPES = YES;
				CLANG_WARN_SUSPICIOUS_MOVE = YES;
				CLANG_WARN_UNGUARDED_AVAILABILITY = YES_AGGRESSIVE;
				CLANG_WARN_UNREACHABLE_CODE = YES;
				CLANG_WARN__DUPLICATE_METHOD_MATCH = YES;
				COPY_PHASE_STRIP = NO;
				DEBUG_INFORMATION_FORMAT = dwarf;
				ENABLE_STRICT_OBJC_MSGSEND = YES;
				ENABLE_TESTABILITY = YES;
				GCC_C_LANGUAGE_STANDARD = gnu11;
				GCC_DYNAMIC_NO_PIC = NO;
				GCC_NO_COMMON_BLOCKS = YES;
				GCC_OPTIMIZATION_LEVEL = 0;
				GCC_PREPROCESSOR_DEFINITIONS = (
					"DEBUG=1",
					"$(inherited)",
				);
				GCC_WARN_64_TO_32_BIT_CONVERSION = YES;
				GCC_WARN_ABOUT_RETURN_TYPE = YES_ERROR;
				GCC_WARN_UNDECLARED_SELECTOR = YES;
				GCC_WARN_UNINITIALIZED_AUTOS = YES_AGGRESSIVE;
				GCC_WARN_UNUSED_FUNCTION = YES;
				GCC_WARN_UNUSED_VARIABLE = YES;
				IPHONEOS_DEPLOYMENT_TARGET = 15.2;
				MTL_ENABLE_DEBUG_INFO = INCLUDE_SOURCE;
				MTL_FAST_MATH = YES;
				ONLY_ACTIVE_ARCH = YES;
				SDKROOT = iphoneos;
				SWIFT_ACTIVE_COMPILATION_CONDITIONS = DEBUG;
				SWIFT_OPTIMIZATION_LEVEL = "-Onone";
			};
			name = Debug;
		};
		E77EBD5F289EB64700FCA76B /* Release */ = {
			isa = XCBuildConfiguration;
			buildSettings = {
				ALWAYS_SEARCH_USER_PATHS = NO;
				CLANG_ANALYZER_NONNULL = YES;
				CLANG_ANALYZER_NUMBER_OBJECT_CONVERSION = YES_AGGRESSIVE;
				CLANG_CXX_LANGUAGE_STANDARD = "gnu++17";
				CLANG_CXX_LIBRARY = "libc++";
				CLANG_ENABLE_MODULES = YES;
				CLANG_ENABLE_OBJC_ARC = YES;
				CLANG_ENABLE_OBJC_WEAK = YES;
				CLANG_WARN_BLOCK_CAPTURE_AUTORELEASING = YES;
				CLANG_WARN_BOOL_CONVERSION = YES;
				CLANG_WARN_COMMA = YES;
				CLANG_WARN_CONSTANT_CONVERSION = YES;
				CLANG_WARN_DEPRECATED_OBJC_IMPLEMENTATIONS = YES;
				CLANG_WARN_DIRECT_OBJC_ISA_USAGE = YES_ERROR;
				CLANG_WARN_DOCUMENTATION_COMMENTS = YES;
				CLANG_WARN_EMPTY_BODY = YES;
				CLANG_WARN_ENUM_CONVERSION = YES;
				CLANG_WARN_INFINITE_RECURSION = YES;
				CLANG_WARN_INT_CONVERSION = YES;
				CLANG_WARN_NON_LITERAL_NULL_CONVERSION = YES;
				CLANG_WARN_OBJC_IMPLICIT_RETAIN_SELF = YES;
				CLANG_WARN_OBJC_LITERAL_CONVERSION = YES;
				CLANG_WARN_OBJC_ROOT_CLASS = YES_ERROR;
				CLANG_WARN_QUOTED_INCLUDE_IN_FRAMEWORK_HEADER = YES;
				CLANG_WARN_RANGE_LOOP_ANALYSIS = YES;
				CLANG_WARN_STRICT_PROTOTYPES = YES;
				CLANG_WARN_SUSPICIOUS_MOVE = YES;
				CLANG_WARN_UNGUARDED_AVAILABILITY = YES_AGGRESSIVE;
				CLANG_WARN_UNREACHABLE_CODE = YES;
				CLANG_WARN__DUPLICATE_METHOD_MATCH = YES;
				COPY_PHASE_STRIP = NO;
				DEBUG_INFORMATION_FORMAT = "dwarf-with-dsym";
				ENABLE_NS_ASSERTIONS = NO;
				ENABLE_STRICT_OBJC_MSGSEND = YES;
				GCC_C_LANGUAGE_STANDARD = gnu11;
				GCC_NO_COMMON_BLOCKS = YES;
				GCC_WARN_64_TO_32_BIT_CONVERSION = YES;
				GCC_WARN_ABOUT_RETURN_TYPE = YES_ERROR;
				GCC_WARN_UNDECLARED_SELECTOR = YES;
				GCC_WARN_UNINITIALIZED_AUTOS = YES_AGGRESSIVE;
				GCC_WARN_UNUSED_FUNCTION = YES;
				GCC_WARN_UNUSED_VARIABLE = YES;
				IPHONEOS_DEPLOYMENT_TARGET = 15.2;
				MTL_ENABLE_DEBUG_INFO = NO;
				MTL_FAST_MATH = YES;
				SDKROOT = iphoneos;
				SWIFT_COMPILATION_MODE = wholemodule;
				SWIFT_OPTIMIZATION_LEVEL = "-O";
				VALIDATE_PRODUCT = YES;
			};
			name = Release;
		};
		E77EBD61289EB64700FCA76B /* Debug */ = {
			isa = XCBuildConfiguration;
			buildSettings = {
				ASSETCATALOG_COMPILER_APPICON_NAME = AppIcon;
				ASSETCATALOG_COMPILER_GLOBAL_ACCENT_COLOR_NAME = AccentColor;
				CODE_SIGN_STYLE = Automatic;
				CURRENT_PROJECT_VERSION = 1;
				DEVELOPMENT_ASSET_PATHS = "\"PomodoroSwiftUI/Preview Content\"";
				DEVELOPMENT_TEAM = HBVDGYDFKY;
				ENABLE_PREVIEWS = YES;
				GENERATE_INFOPLIST_FILE = YES;
				INFOPLIST_FILE = PomodoroSwiftUI/Info.plist;
				INFOPLIST_KEY_CFBundleDisplayName = Focus;
				INFOPLIST_KEY_UIApplicationSceneManifest_Generation = YES;
				INFOPLIST_KEY_UIApplicationSupportsIndirectInputEvents = YES;
				INFOPLIST_KEY_UISupportedInterfaceOrientations_iPad = "UIInterfaceOrientationPortrait UIInterfaceOrientationPortraitUpsideDown UIInterfaceOrientationLandscapeLeft UIInterfaceOrientationLandscapeRight";
				INFOPLIST_KEY_UISupportedInterfaceOrientations_iPhone = "UIInterfaceOrientationPortrait UIInterfaceOrientationLandscapeLeft UIInterfaceOrientationLandscapeRight";
				LD_RUNPATH_SEARCH_PATHS = (
					"$(inherited)",
					"@executable_path/Frameworks",
				);
				MARKETING_VERSION = 1.0;
				PRODUCT_BUNDLE_IDENTIFIER = com.shahnaz.PomodoroSwiftUI;
				PRODUCT_NAME = "$(TARGET_NAME)";
				SWIFT_EMIT_LOC_STRINGS = YES;
				SWIFT_VERSION = 5.0;
				TARGETED_DEVICE_FAMILY = "1,2";
			};
			name = Debug;
		};
		E77EBD62289EB64700FCA76B /* Release */ = {
			isa = XCBuildConfiguration;
			buildSettings = {
				ASSETCATALOG_COMPILER_APPICON_NAME = AppIcon;
				ASSETCATALOG_COMPILER_GLOBAL_ACCENT_COLOR_NAME = AccentColor;
				CODE_SIGN_STYLE = Automatic;
				CURRENT_PROJECT_VERSION = 1;
				DEVELOPMENT_ASSET_PATHS = "\"PomodoroSwiftUI/Preview Content\"";
				DEVELOPMENT_TEAM = HBVDGYDFKY;
				ENABLE_PREVIEWS = YES;
				GENERATE_INFOPLIST_FILE = YES;
				INFOPLIST_FILE = PomodoroSwiftUI/Info.plist;
				INFOPLIST_KEY_CFBundleDisplayName = Focus;
				INFOPLIST_KEY_UIApplicationSceneManifest_Generation = YES;
				INFOPLIST_KEY_UIApplicationSupportsIndirectInputEvents = YES;
				INFOPLIST_KEY_UISupportedInterfaceOrientations_iPad = "UIInterfaceOrientationPortrait UIInterfaceOrientationPortraitUpsideDown UIInterfaceOrientationLandscapeLeft UIInterfaceOrientationLandscapeRight";
				INFOPLIST_KEY_UISupportedInterfaceOrientations_iPhone = "UIInterfaceOrientationPortrait UIInterfaceOrientationLandscapeLeft UIInterfaceOrientationLandscapeRight";
				LD_RUNPATH_SEARCH_PATHS = (
					"$(inherited)",
					"@executable_path/Frameworks",
				);
				MARKETING_VERSION = 1.0;
				PRODUCT_BUNDLE_IDENTIFIER = com.shahnaz.PomodoroSwiftUI;
				PRODUCT_NAME = "$(TARGET_NAME)";
				SWIFT_EMIT_LOC_STRINGS = YES;
				SWIFT_VERSION = 5.0;
				TARGETED_DEVICE_FAMILY = "1,2";
			};
			name = Release;
		};
/* End XCBuildConfiguration section */

/* Begin XCConfigurationList section */
		E77EBD4D289EB64500FCA76B /* Build configuration list for PBXProject "PomodoroSwiftUI" */ = {
			isa = XCConfigurationList;
			buildConfigurations = (
				E77EBD5E289EB64700FCA76B /* Debug */,
				E77EBD5F289EB64700FCA76B /* Release */,
			);
			defaultConfigurationIsVisible = 0;
			defaultConfigurationName = Release;
		};
		E77EBD60289EB64700FCA76B /* Build configuration list for PBXNativeTarget "PomodoroSwiftUI" */ = {
			isa = XCConfigurationList;
			buildConfigurations = (
				E77EBD61289EB64700FCA76B /* Debug */,
				E77EBD62289EB64700FCA76B /* Release */,
			);
			defaultConfigurationIsVisible = 0;
			defaultConfigurationName = Release;
		};
/* End XCConfigurationList section */
	};
	rootObject = E77EBD4A289EB64500FCA76B /* Project object */;
}
